<?xml version="1.0" encoding="utf-8"?>
<Project xmlns="http://schemas.microsoft.com/developer/msbuild/2003">
  <PropertyGroup>
    <ProjectGuid>{12345678-1234-1234-1234-123456789012}</ProjectGuid>
    <ProjectVersion>20.0</ProjectVersion>
    <FrameworkType>FMX</FrameworkType>
    <MainSource>SnakeGame.dpr</MainSource>
    <Base>True</Base>
    <Config Condition="'$(Config)'==''">Debug</Config>
    <Platform Condition="'$(Platform)'==''">Win32</Platform>
    <TargetedPlatforms>1</TargetedPlatforms>
    <AppType>Application</AppType>
  </PropertyGroup>
  <PropertyGroup Condition="'$(Config)'=='Base' or '$(Base)'!=''">
    <Base>True</Base>
  </PropertyGroup>
  <PropertyGroup Condition="'$(Config)'=='Release' or '$(Cfg_1)'!=''">
    <Cfg_1>True</Cfg_1>
    <CfgParent>Base</CfgParent>
  </PropertyGroup>
  <PropertyGroup Condition="'$(Config)'=='Debug' or '$(Cfg_2)'!=''">
    <Cfg_2>True</Cfg_2>
    <CfgParent>Base</CfgParent>
  </PropertyGroup>
  <ItemGroup>
    <DelphiCompile Include="$(MainSource)">
      <MainSource>MainSource</MainSource>
    </DelphiCompile>
    <DCCReference Include="SnakeGameUnit.pas">
      <Form>SnakeForm</Form>
    </DCCReference>
    <DCCReference Include="SnakeLogicUnit.pas" />
  </ItemGroup>
  <PropertyGroup Condition="'$(Base)'!=''">
    <DCC_Namespace>System;Xml;Data;Datasnap;Web;Soap;$(DCC_Namespace)</DCC_Namespace>
    <DCC_UnitSearchPath>$(DCC_UnitSearchPath)</DCC_UnitSearchPath>
  </PropertyGroup>
  <PropertyGroup Condition="'$(Cfg_1)'!=''">
    <DCC_DebugInformation>0</DCC_DebugInformation>
    <DCC_LocalDebugSymbols>False</DCC_LocalDebugSymbols>
    <DCC_SymbolReferenceInfo>0</DCC_SymbolReferenceInfo>
    <DCC_OptimizeForSpeed>True</DCC_OptimizeForSpeed>
  </PropertyGroup>
  <PropertyGroup Condition="'$(Cfg_2)'!=''">
    <DCC_DebugInformation>1</DCC_DebugInformation>
    <DCC_GenerateStackFrames>True</DCC_GenerateStackFrames>
  </PropertyGroup>
  <Import Project="$(BDS)\bin\CodeGear.Delphi.Targets" Condition="Exists('$(BDS)\bin\CodeGear.Delphi.Targets')"/>
</Project>